{
    "_meta": {
        "hash": {
            "sha256": "6bfc86a3addeef5ae220f0f43331e38e4dc106b00f07cb22f912603e45d1c92c"
        },
        "pipfile-spec": 6,
        "requires": {
            "python_full_version": "3.13.3",
            "python_version": "3.13"
        },
        "sources": [
            {
                "name": "pypi",
                "url": "https://pypi.org/simple",
                "verify_ssl": true
            }
        ]
    },
    "default": {
        "mido": {
            "hashes": [
                "sha256:01033c9b10b049e4436fca2762194ca839b09a4334091dd3c34e7f4ae674fd8a",
                "sha256:1aecb30b7f282404f17e43768cbf74a6a31bf22b3b783bdd117a1ce9d22cb74c"
            ],
            "index": "pypi",
            "markers": "python_version ~= '3.7'",
            "version": "==1.3.3"
        },
        "packaging": {
            "hashes": [
                "sha256:00243ae351a257117b6a241061796684b084ed1c516a08c48a3f7e147a9d80b4",
                "sha256:b36f1fef9334a5588b4166f8bcd26a14e521f2b55e6b9de3aaa80d3ff7a37529"
            ],
            "markers": "python_version >= '3.8'",
            "version": "==26.0"
        },
        "python-rtmidi": {
            "hashes": [
                "sha256:052c89933cae4fca354012d8ca7248f4f9e1e3f062471409d48415a7f7d7e59e",
                "sha256:1d5da765184150fb946043d59be4039b36a8060ede025f109ef20492dbf99075",
                "sha256:25f5a5db7be98911c41ca5bebb262fcf9a7c89600b88fd3c207ceafd3101e721",
                "sha256:26149186367341bf5b0a3ac17b495f6a25950bd3da6b4f13d25ac0a9ce8208dd",
                "sha256:271d625c489fffb39b3edc5aba67f7c8e29a04a0a0f056ce19e5a888a08b4c59",
                "sha256:29661939f9b7bd1a4e29835f50f4790e741dacd21a5cb143297aefb51deefdec",
                "sha256:29d9c9d9f82ce679fecad7bb4cb79f3a24574ea84600e377194b4cc1baacec0e",
                "sha256:30d117193dcad8af67c600c405f53eb096e4ff84849760be14c97270af334922",
                "sha256:46bbf32c8a4bf6c8f0df1c02a68689d0757f13cb7a69f27ccbbed3d7b2365918",
                "sha256:4e234dca7f9d783dd3f1e9c9c5c2f295f02b7af3085301d6eed3b428cf49d327",
                "sha256:5443634597eb340cdec0734f76267a827c2d366f00a6f9195141c78828016ac2",
                "sha256:5966172ed28add6ff2b76d389702931bfc7ff3cc741c0e4b0d1aaae269ab7a8e",
                "sha256:7bce7f17c71a71d8ef0bfeae3cb8a7652dd02f0d5067de882e1ee44eb38518db",
                "sha256:7f9ade68b068ae09000ecb562ae9521da3a234361ad5449e83fc734544d004fa",
                "sha256:82e61bc1b51aa91d9e615827056e80f78dbe364248eecd61698b233f7af903f6",
                "sha256:844bd12840c9d4e03dfc89b2cd57c55dcbf5ed7246504d69c6c661732249b19c",
                "sha256:878ce085dfb65c0974810a7e919f73708cbb4c0430c7924b78f25aea1dd4ebee",
                "sha256:8bbaf7c7164471712a93ac60c8f9ed146b336a294a5103223bbaf8f10709a0bf",
                "sha256:a5582983ad57ea7f0a7797ddc3e258efb00f8326113b6ddfa85b5165a4151806",
                "sha256:a706e9850e22acc57fa840c60fdc4541baafe462a05ff7631a6d9eb91c65e171",
                "sha256:c60dd180e5130fb87571e71aea30e2ef0512131aab45865a7d67063ed8e52ca4",
                "sha256:cec30924e305f55284594ccf35a71dee7216fd308dfa2dec1b3ed03e6f243803",
                "sha256:cfea32c91752fa7aecfe3d6827535c190ba0e646a9accd6604f4fc70cf4b780f",
                "sha256:dd2bcbea822488fca6b8d9fc7e78a91da12914f3b88dc086f051cb65a643449f",
                "sha256:efc07413b30b0039c0d35abe25a81d740c7405124eb58eed141a8f24388e6fe0",
                "sha256:f2138005c6bd3d8b9af05df383679f6d0827d16056e68a941110732310dcb7dd"
            ],
            "index": "pypi",
            "markers": "python_version >= '3.8'",
            "version": "==1.5.8"
        }
    },
    "develop": {
        "iniconfig": {
            "hashes": [
                "sha256:c76315c77db068650d49c5b56314774a7804df16fee4402c1f19d6d15d8c4730",
                "sha256:f631c04d2c48c52b84d0d0549c99ff3859c98df65b3101406327ecc7d53fbf12"
            ],
            "markers": "python_version >= '3.10'",
            "version": "==2.3.0"
        },
        "packaging": {
            "hashes": [
                "sha256:00243ae351a257117b6a241061796684b084ed1c516a08c48a3f7e147a9d80b4",
                "sha256:b36f1fef9334a5588b4166f8bcd26a14e521f2b55e6b9de3aaa80d3ff7a37529"
            ],
            "markers": "python_version >= '3.8'",
            "version": "==26.0"
        },
        "pluggy": {
            "hashes": [
                "sha256:7dcc130b76258d33b90f61b658791dede3486c3e6bfb003ee5c9bfb396dd22f3",
                "sha256:e920276dd6813095e9377c0bc5566d94c932c33b27a3e3945d8389c374dd4746"
            ],
            "markers": "python_version >= '3.9'",
            "version": "==1.6.0"
        },
        "pygments": {
            "hashes": [
                "sha256:636cb2477cec7f8952536970bc533bc43743542f70392ae026374600add5b887",
                "sha256:86540386c03d588bb81d44bc3928634ff26449851e99741617ecb9037ee5ec0b"
            ],
            "markers": "python_version >= '3.8'",
            "version": "==2.19.2"
        },
        "pytest": {
            "hashes": [
                "sha256:711ffd45bf766d5264d487b917733b453d917afd2b0ad65223959f59089f875b",
                "sha256:75186651a92bd89611d1d9fc20f0b4345fd827c41ccd5c299a868a05d70edf11"
            ],
            "index": "pypi",
            "markers": "python_version >= '3.10'",
            "version": "==9.0.2"
        }
    }
}
